// !$*UTF8*$!
{
	archiveVersion = 1;
	classes = {
	};
	objectVersion = 46;
	objects = {

/* Begin PBXBuildFile section */
		10E2BC481ABF0E7E00EFFDAC /* main.m in Sources */ = {isa = PBXBuildFile; fileRef = 10E2BC471ABF0E7E00EFFDAC /* main.m */; };
		10E2BC4B1ABF0E7E00EFFDAC /* AppDelegate.m in Sources */ = {isa = PBXBuildFile; fileRef = 10E2BC4A1ABF0E7E00EFFDAC /* AppDelegate.m */; };
		10E2BC4E1ABF0E7E00EFFDAC /* ViewController.m in Sources */ = {isa = PBXBuildFile; fileRef = 10E2BC4D1ABF0E7E00EFFDAC /* ViewController.m */; };
		10E2BC511ABF0E7E00EFFDAC /* Main.storyboard in Resources */ = {isa = PBXBuildFile; fileRef = 10E2BC4F1ABF0E7E00EFFDAC /* Main.storyboard */; };
		10E2BC531ABF0E7E00EFFDAC /* Images.xcassets in Resources */ = {isa = PBXBuildFile; fileRef = 10E2BC521ABF0E7E00EFFDAC /* Images.xcassets */; };
		10E2BC561ABF0E7E00EFFDAC /* LaunchScreen.xib in Resources */ = {isa = PBXBuildFile; fileRef = 10E2BC541ABF0E7E00EFFDAC /* LaunchScreen.xib */; };
		10E2BC621ABF0E7E00EFFDAC /* FnozDemoTests.m in Sources */ = {isa = PBXBuildFile; fileRef = 10E2BC611ABF0E7E00EFFDAC /* FnozDemoTests.m */; };
/* End PBXBuildFile section */

/* Begin PBXContainerItemProxy section */
		10E2BC5C1ABF0E7E00EFFDAC /* PBXContainerItemProxy */ = {
			isa = PBXContainerItemProxy;
			containerPortal = 10E2BC3A1ABF0E7E00EFFDAC /* Project object */;
			proxyType = 1;
			remoteGlobalIDString = 10E2BC411ABF0E7E00EFFDAC;
			remoteInfo = FnozDemo;
		};
/* End PBXContainerItemProxy section */

/* Begin PBXFileReference section */
		10E2BC421ABF0E7E00EFFDAC /* FnozDemo.app */ = {isa = PBXFileReference; explicitFileType = wrapper.application; includeInIndex = 0; path = FnozDemo.app; sourceTree = BUILT_PRODUCTS_DIR; };
		10E2BC461ABF0E7E00EFFDAC /* Info.plist */ = {isa = PBXFileReference; lastKnownFileType = text.plist.xml; path = Info.plist; sourceTree = "<group>"; };
		10E2BC471ABF0E7E00EFFDAC /* main.m */ = {isa = PBXFileReference; lastKnownFileType = sourcecode.c.objc; path = main.m; sourceTree = "<group>"; };
		10E2BC491ABF0E7E00EFFDAC /* AppDelegate.h */ = {isa = PBXFileReference; lastKnownFileType = sourcecode.c.h; path = AppDelegate.h; sourceTree = "<group>"; };
		10E2BC4A1ABF0E7E00EFFDAC /* AppDelegate.m */ = {isa = PBXFileReference; lastKnownFileType = sourcecode.c.objc; path = AppDelegate.m; sourceTree = "<group>"; };
		10E2BC4C1ABF0E7E00EFFDAC /* ViewController.h */ = {isa = PBXFileReference; lastKnownFileType = sourcecode.c.h; path = ViewController.h; sourceTree = "<group>"; };
		10E2BC4D1ABF0E7E00EFFDAC /* ViewController.m */ = {isa = PBXFileReference; lastKnownFileType = sourcecode.c.objc; path = ViewController.m; sourceTree = "<group>"; };
		10E2BC501ABF0E7E00EFFDAC /* Base */ = {isa = PBXFileReference; lastKnownFileType = file.storyboard; name = Base; path = Base.lproj/Main.storyboard; sourceTree = "<group>"; };
		10E2BC521ABF0E7E00EFFDAC /* Images.xcassets */ = {isa = PBXFileReference; lastKnownFileType = folder.assetcatalog; path = Images.xcassets; sourceTree = "<group>"; };
		10E2BC551ABF0E7E00EFFDAC /* Base */ = {isa = PBXFileReference; lastKnownFileType = file.xib; name = Base; path = Base.lproj/LaunchScreen.xib; sourceTree = "<group>"; };
		10E2BC5B1ABF0E7E00EFFDAC /* FnozDemoTests.xctest */ = {isa = PBXFileReference; explicitFileType = wrapper.cfbundle; includeInIndex = 0; path = FnozDemoTests.xctest; sourceTree = BUILT_PRODUCTS_DIR; };
		10E2BC601ABF0E7E00EFFDAC /* Info.plist */ = {isa = PBXFileReference; lastKnownFileType = text.plist.xml; path = Info.plist; sourceTree = "<group>"; };
		10E2BC611ABF0E7E00EFFDAC /* FnozDemoTests.m */ = {isa = PBXFileReference; lastKnownFileType = sourcecode.c.objc; path = FnozDemoTests.m; sourceTree = "<group>"; };
/* End PBXFileReference section */

/* Begin PBXFrameworksBuildPhase section */
		10E2BC3F1ABF0E7E00EFFDAC /* Frameworks */ = {
			isa = PBXFrameworksBuildPhase;
			buildActionMask = 2147483647;
			files = (
			);
			runOnlyForDeploymentPostprocessing = 0;
		};
		10E2BC581ABF0E7E00EFFDAC /* Frameworks */ = {
			isa = PBXFrameworksBuildPhase;
			buildActionMask = 2147483647;
			files = (
			);
			runOnlyForDeploymentPostprocessing = 0;
		};
/* End PBXFrameworksBuildPhase section */

/* Begin PBXGroup section */
		10E2BC391ABF0E7E00EFFDAC = {
			isa = PBXGroup;
			children = (
				10E2BC441ABF0E7E00EFFDAC /* FnozDemo */,
				10E2BC5E1ABF0E7E00EFFDAC /* FnozDemoTests */,
				10E2BC431ABF0E7E00EFFDAC /* Products */,
			);
			sourceTree = "<group>";
		};
		10E2BC431ABF0E7E00EFFDAC /* Products */ = {
			isa = PBXGroup;
			children = (
				10E2BC421ABF0E7E00EFFDAC /* FnozDemo.app */,
				10E2BC5B1ABF0E7E00EFFDAC /* FnozDemoTests.xctest */,
			);
			name = Products;
			sourceTree = "<group>";
		};
		10E2BC441ABF0E7E00EFFDAC /* FnozDemo */ = {
			isa = PBXGroup;
			children = (
				10E2BC491ABF0E7E00EFFDAC /* AppDelegate.h */,
				10E2BC4A1ABF0E7E00EFFDAC /* AppDelegate.m */,
				10E2BC4C1ABF0E7E00EFFDAC /* ViewController.h */,
				10E2BC4D1ABF0E7E00EFFDAC /* ViewController.m */,
				10E2BC4F1ABF0E7E00EFFDAC /* Main.storyboard */,
				10E2BC521ABF0E7E00EFFDAC /* Images.xcassets */,
				10E2BC541ABF0E7E00EFFDAC /* LaunchScreen.xib */,
				10E2BC451ABF0E7E00EFFDAC /* Supporting Files */,
			);
			path = FnozDemo;
			sourceTree = "<group>";
		};
		10E2BC451ABF0E7E00EFFDAC /* Supporting Files */ = {
			isa = PBXGroup;
			children = (
				10E2BC461ABF0E7E00EFFDAC /* Info.plist */,
				10E2BC471ABF0E7E00EFFDAC /* main.m */,
			);
			name = "Supporting Files";
			sourceTree = "<group>";
		};
		10E2BC5E1ABF0E7E00EFFDAC /* FnozDemoTests */ = {
			isa = PBXGroup;
			children = (
				10E2BC611ABF0E7E00EFFDAC /* FnozDemoTests.m */,
				10E2BC5F1ABF0E7E00EFFDAC /* Supporting Files */,
			);
			path = FnozDemoTests;
			sourceTree = "<group>";
		};
		10E2BC5F1ABF0E7E00EFFDAC /* Supporting Files */ = {
			isa = PBXGroup;
			children = (
				10E2BC601ABF0E7E00EFFDAC /* Info.plist */,
			);
			name = "Supporting Files";
			sourceTree = "<group>";
		};
/* End PBXGroup section */

/* Begin PBXNativeTarget section */
		10E2BC411ABF0E7E00EFFDAC /* FnozDemo */ = {
			isa = PBXNativeTarget;
			buildConfigurationList = 10E2BC651ABF0E7E00EFFDAC /* Build configuration list for PBXNativeTarget "FnozDemo" */;
			buildPhases = (
				10E2BC3E1ABF0E7E00EFFDAC /* Sources */,
				10E2BC3F1ABF0E7E00EFFDAC /* Frameworks */,
				10E2BC401ABF0E7E00EFFDAC /* Resources */,
			);
			buildRules = (
			);
			dependencies = (
			);
			name = FnozDemo;
			productName = FnozDemo;
			productReference = 10E2BC421ABF0E7E00EFFDAC /* FnozDemo.app */;
			productType = "com.apple.product-type.application";
		};
		10E2BC5A1ABF0E7E00EFFDAC /* FnozDemoTests */ = {
			isa = PBXNativeTarget;
			buildConfigurationList = 10E2BC681ABF0E7E00EFFDAC /* Build configuration list for PBXNativeTarget "FnozDemoTests" */;
			buildPhases = (
				10E2BC571ABF0E7E00EFFDAC /* Sources */,
				10E2BC581ABF0E7E00EFFDAC /* Frameworks */,
				10E2BC591ABF0E7E00EFFDAC /* Resources */,
			);
			buildRules = (
			);
			dependencies = (
				10E2BC5D1ABF0E7E00EFFDAC /* PBXTargetDependency */,
			);
			name = FnozDemoTests;
			productName = FnozDemoTests;
			productReference = 10E2BC5B1ABF0E7E00EFFDAC /* FnozDemoTests.xctest */;
			productType = "com.apple.product-type.bundle.unit-test";
		};
/* End PBXNativeTarget section */

/* Begin PBXProject section */
		10E2BC3A1ABF0E7E00EFFDAC /* Project object */ = {
			isa = PBXProject;
			attributes = {
				LastUpgradeCheck = 0620;
				ORGANIZATIONNAME = Fnoz;
				TargetAttributes = {
					10E2BC411ABF0E7E00EFFDAC = {
						CreatedOnToolsVersion = 6.2;
					};
					10E2BC5A1ABF0E7E00EFFDAC = {
						CreatedOnToolsVersion = 6.2;
						TestTargetID = 10E2BC411ABF0E7E00EFFDAC;
					};
				};
			};
			buildConfigurationList = 10E2BC3D1ABF0E7E00EFFDAC /* Build configuration list for PBXProject "FnozDemo" */;
			compatibilityVersion = "Xcode 3.2";
			developmentRegion = English;
			hasScannedForEncodings = 0;
			knownRegions = (
				en,
				Base,
			);
			mainGroup = 10E2BC391ABF0E7E00EFFDAC;
			productRefGroup = 10E2BC431ABF0E7E00EFFDAC /* Products */;
			projectDirPath = "";
			projectRoot = "";
			targets = (
				10E2BC411ABF0E7E00EFFDAC /* FnozDemo */,
				10E2BC5A1ABF0E7E00EFFDAC /* FnozDemoTests */,
			);
		};
/* End PBXProject section */

/* Begin PBXResourcesBuildPhase section */
		10E2BC401ABF0E7E00EFFDAC /* Resources */ = {
			isa = PBXResourcesBuildPhase;
			buildActionMask = 2147483647;
			files = (
				10E2BC511ABF0E7E00EFFDAC /* Main.storyboard in Resources */,
				10E2BC561ABF0E7E00EFFDAC /* LaunchScreen.xib in Resources */,
				10E2BC531ABF0E7E00EFFDAC /* Images.xcassets in Resources */,
			);
			runOnlyForDeploymentPostprocessing = 0;
		};
		10E2BC591ABF0E7E00EFFDAC /* Resources */ = {
			isa = PBXResourcesBuildPhase;
			buildActionMask = 2147483647;
			files = (
			);
			runOnlyForDeploymentPostprocessing = 0;
		};
/* End PBXResourcesBuildPhase section */

/* Begin PBXSourcesBuildPhase section */
		10E2BC3E1ABF0E7E00EFFDAC /* Sources */ = {
			isa = PBXSourcesBuildPhase;
			buildActionMask = 2147483647;
			files = (
				10E2BC4E1ABF0E7E00EFFDAC /* ViewController.m in Sources */,
				10E2BC4B1ABF0E7E00EFFDAC /* AppDelegate.m in Sources */,
				10E2BC481ABF0E7E00EFFDAC /* main.m in Sources */,
			);
			runOnlyForDeploymentPostprocessing = 0;
		};
		10E2BC571ABF0E7E00EFFDAC /* Sources */ = {
			isa = PBXSourcesBuildPhase;
			buildActionMask = 2147483647;
			files = (
				10E2BC621ABF0E7E00EFFDAC /* FnozDemoTests.m in Sources */,
			);
			runOnlyForDeploymentPostprocessing = 0;
		};
/* End PBXSourcesBuildPhase section */

/* Begin PBXTargetDependency section */
		10E2BC5D1ABF0E7E00EFFDAC /* PBXTargetDependency */ = {
			isa = PBXTargetDependency;
			target = 10E2BC411ABF0E7E00EFFDAC /* FnozDemo */;
			targetProxy = 10E2BC5C1ABF0E7E00EFFDAC /* PBXContainerItemProxy */;
		};
/* End PBXTargetDependency section */

/* Begin PBXVariantGroup section */
		10E2BC4F1ABF0E7E00EFFDAC /* Main.storyboard */ = {
			isa = PBXVariantGroup;
			children = (
				10E2BC501ABF0E7E00EFFDAC /* Base */,
			);
			name = Main.storyboard;
			sourceTree = "<group>";
		};
		10E2BC541ABF0E7E00EFFDAC /* LaunchScreen.xib */ = {
			isa = PBXVariantGroup;
			children = (
				10E2BC551ABF0E7E00EFFDAC /* Base */,
			);
			name = LaunchScreen.xib;
			sourceTree = "<group>";
		};
/* End PBXVariantGroup section */

/* Begin XCBuildConfiguration section */
		10E2BC631ABF0E7E00EFFDAC /* Debug */ = {
			isa = XCBuildConfiguration;
			buildSettings = {
				ALWAYS_SEARCH_USER_PATHS = NO;
				CLANG_CXX_LANGUAGE_STANDARD = "gnu++0x";
				CLANG_CXX_LIBRARY = "libc++";
				CLANG_ENABLE_MODULES = YES;
				CLANG_ENABLE_OBJC_ARC = YES;
				CLANG_WARN_BOOL_CONVERSION = YES;
				CLANG_WARN_CONSTANT_CONVERSION = YES;
				CLANG_WARN_DIRECT_OBJC_ISA_USAGE = YES_ERROR;
				CLANG_WARN_EMPTY_BODY = YES;
				CLANG_WARN_ENUM_CONVERSION = YES;
				CLANG_WARN_INT_CONVERSION = YES;
				CLANG_WARN_OBJC_ROOT_CLASS = YES_ERROR;
				CLANG_WARN_UNREACHABLE_CODE = YES;
				CLANG_WARN__DUPLICATE_METHOD_MATCH = YES;
				"CODE_SIGN_IDENTITY[sdk=iphoneos*]" = "iPhone Developer";
				COPY_PHASE_STRIP = NO;
				ENABLE_STRICT_OBJC_MSGSEND = YES;
				GCC_C_LANGUAGE_STANDARD = gnu99;
				GCC_DYNAMIC_NO_PIC = NO;
				GCC_OPTIMIZATION_LEVEL = 0;
				GCC_PREPROCESSOR_DEFINITIONS = (
					"DEBUG=1",
					"$(inherited)",
				);
				GCC_SYMBOLS_PRIVATE_EXTERN = NO;
				GCC_WARN_64_TO_32_BIT_CONVERSION = YES;
				GCC_WARN_ABOUT_RETURN_TYPE = YES_ERROR;
				GCC_WARN_UNDECLARED_SELECTOR = YES;
				GCC_WARN_UNINITIALIZED_AUTOS = YES_AGGRESSIVE;
				GCC_WARN_UNUSED_FUNCTION = YES;
				GCC_WARN_UNUSED_VARIABLE = YES;
				IPHONEOS_DEPLOYMENT_TARGET = 8.2;
				MTL_ENABLE_DEBUG_INFO = YES;
				ONLY_ACTIVE_ARCH = YES;
				SDKROOT = iphoneos;
			};
			name = Debug;
		};
		10E2BC641ABF0E7E00EFFDAC /* Release */ = {
			isa = XCBuildConfiguration;
			buildSettings = {
				ALWAYS_SEARCH_USER_PATHS = NO;
				CLANG_CXX_LANGUAGE_STANDARD = "gnu++0x";
				CLANG_CXX_LIBRARY = "libc++";
				CLANG_ENABLE_MODULES = YES;
				CLANG_ENABLE_OBJC_ARC = YES;
				CLANG_WARN_BOOL_CONVERSION = YES;
				CLANG_WARN_CONSTANT_CONVERSION = YES;
				CLANG_WARN_DIRECT_OBJC_ISA_USAGE = YES_ERROR;
				CLANG_WARN_EMPTY_BODY = YES;
				CLANG_WARN_ENUM_CONVERSION = YES;
				CLANG_WARN_INT_CONVERSION = YES;
				CLANG_WARN_OBJC_ROOT_CLASS = YES_ERROR;
				CLANG_WARN_UNREACHABLE_CODE = YES;
				CLANG_WARN__DUPLICATE_METHOD_MATCH = YES;
				"CODE_SIGN_IDENTITY[sdk=iphoneos*]" = "iPhone Developer";
				COPY_PHASE_STRIP = NO;
				ENABLE_NS_ASSERTIONS = NO;
				ENABLE_STRICT_OBJC_MSGSEND = YES;
				GCC_C_LANGUAGE_STANDARD = gnu99;
				GCC_WARN_64_TO_32_BIT_CONVERSION = YES;
				GCC_WARN_ABOUT_RETURN_TYPE = YES_ERROR;
				GCC_WARN_UNDECLARED_SELECTOR = YES;
				GCC_WARN_UNINITIALIZED_AUTOS = YES_AGGRESSIVE;
				GCC_WARN_UNUSED_FUNCTION = YES;
				GCC_WARN_UNUSED_VARIABLE = YES;
				IPHONEOS_DEPLOYMENT_TARGET = 8.2;
				MTL_ENABLE_DEBUG_INFO = NO;
				SDKROOT = iphoneos;
				VALIDATE_PRODUCT = YES;
			};
			name = Release;
		};
		10E2BC661ABF0E7E00EFFDAC /* Debug */ = {
			isa = XCBuildConfiguration;
			buildSettings = {
				ASSETCATALOG_COMPILER_APPICON_NAME = AppIcon;
				INFOPLIST_FILE = FnozDemo/Info.plist;
				LD_RUNPATH_SEARCH_PATHS = "$(inherited) @executable_path/Frameworks";
				PRODUCT_NAME = "$(TARGET_NAME)";
			};
			name = Debug;
		};
		10E2BC671ABF0E7E00EFFDAC /* Release */ = {
			isa = XCBuildConfiguration;
			buildSettings = {
				ASSETCATALOG_COMPILER_APPICON_NAME = AppIcon;
				INFOPLIST_FILE = FnozDemo/Info.plist;
				LD_RUNPATH_SEARCH_PATHS = "$(inherited) @executable_path/Frameworks";
				PRODUCT_NAME = "$(TARGET_NAME)";
			};
			name = Release;
		};
		10E2BC691ABF0E7E00EFFDAC /* Debug */ = {
			isa = XCBuildConfiguration;
			buildSettings = {
				BUNDLE_LOADER = "$(TEST_HOST)";
				FRAMEWORK_SEARCH_PATHS = (
					"$(SDKROOT)/Developer/Library/Frameworks",
					"$(inherited)",
				);
				GCC_PREPROCESSOR_DEFINITIONS = (
					"DEBUG=1",
					"$(inherited)",
				);
				INFOPLIST_FILE = FnozDemoTests/Info.plist;
				LD_RUNPATH_SEARCH_PATHS = "$(inherited) @executable_path/Frameworks @loader_path/Frameworks";
				PRODUCT_NAME = "$(TARGET_NAME)";
				TEST_HOST = "$(BUILT_PRODUCTS_DIR)/FnozDemo.app/FnozDemo";
			};
			name = Debug;
		};
		10E2BC6A1ABF0E7E00EFFDAC /* Release */ = {
			isa = XCBuildConfiguration;
			buildSettings = {
				BUNDLE_LOADER = "$(TEST_HOST)";
				FRAMEWORK_SEARCH_PATHS = (
					"$(SDKROOT)/Developer/Library/Frameworks",
					"$(inherited)",
				);
				INFOPLIST_FILE = FnozDemoTests/Info.plist;
				LD_RUNPATH_SEARCH_PATHS = "$(inherited) @executable_path/Frameworks @loader_path/Frameworks";
				PRODUCT_NAME = "$(TARGET_NAME)";
				TEST_HOST = "$(BUILT_PRODUCTS_DIR)/FnozDemo.app/FnozDemo";
			};
			name = Release;
		};
/* End XCBuildConfiguration section */

/* Begin XCConfigurationList section */
		10E2BC3D1ABF0E7E00EFFDAC /* Build configuration list for PBXProject "FnozDemo" */ = {
			isa = XCConfigurationList;
			buildConfigurations = (
				10E2BC631ABF0E7E00EFFDAC /* Debug */,
				10E2BC641ABF0E7E00EFFDAC /* Release */,
			);
			defaultConfigurationIsVisible = 0;
			defaultConfigurationName = Release;
		};
		10E2BC651ABF0E7E00EFFDAC /* Build configuration list for PBXNativeTarget "FnozDemo" */ = {
			isa = XCConfigurationList;
			buildConfigurations = (
				10E2BC661ABF0E7E00EFFDAC /* Debug */,
				10E2BC671ABF0E7E00EFFDAC /* Release */,
			);
			defaultConfigurationIsVisible = 0;
		};
		10E2BC681ABF0E7E00EFFDAC /* Build configuration list for PBXNativeTarget "FnozDemoTests" */ = {
			isa = XCConfigurationList;
			buildConfigurations = (
				10E2BC691ABF0E7E00EFFDAC /* Debug */,
				10E2BC6A1ABF0E7E00EFFDAC /* Release */,
			);
			defaultConfigurationIsVisible = 0;
		};
/* End XCConfigurationList section */
	};
	rootObject = 10E2BC3A1ABF0E7E00EFFDAC /* Project object */;
}
